
Microsoft Visual Studio Solution File, Format Version 12.00
# Visual Studio Version 17
VisualStudioVersion = 17.13.35818.85 d17.13
MinimumVisualStudioVersion = 10.0.40219.1
Project("{FAE04EC0-301F-11D3-BF4B-00C04F79EFBC}") = "modul4_103022300121", "modul4_103022300121.csproj", "{03EA7015-6655-4174-AC9E-A320BD483F19}"
EndProject
Global
	GlobalSection(SolutionConfigurationPlatforms) = preSolution
		Debug|Any CPU = Debug|Any CPU
		Release|Any CPU = Release|Any CPU
	EndGlobalSection
	GlobalSection(ProjectConfigurationPlatforms) = postSolution
		{03EA7015-6655-4174-AC9E-A320BD483F19}.Debug|Any CPU.ActiveCfg = Debug|Any CPU
		{03EA7015-6655-4174-AC9E-A320BD483F19}.Debug|Any CPU.Build.0 = Debug|Any CPU
		{03EA7015-6655-4174-AC9E-A320BD483F19}.Release|Any CPU.ActiveCfg = Release|Any CPU
		{03EA7015-6655-4174-AC9E-A320BD483F19}.Release|Any CPU.Build.0 = Release|Any CPU
	EndGlobalSection
	GlobalSection(SolutionProperties) = preSolution
		HideSolutionNode = FALSE
	EndGlobalSection
	GlobalSection(ExtensibilityGlobals) = postSolution
		SolutionGuid = {0A744D73-EFF7-4C6A-85AF-4CFDF8D27C46}
	EndGlobalSection
EndGlobal
